# generated by rye
# use `rye lock` or `rye sync` to update this lockfile
#
# last locked with the following flags:
#   pre: false
#   features: []
#   all-features: false

-e file:.
numpy==1.26.1
opencv-python-headless==4.8.1.78
pypng==0.20220715.0
pyzbar==0.1.9
qrcode==7.4.2
typing-extensions==4.8.0
zbar==0.10
